
Microsoft Visual Studio Solution File, Format Version 12.00
# Visual Studio Version 17
VisualStudioVersion = 17.4.33205.214
MinimumVisualStudioVersion = 10.0.40219.1
Project("{8BC9CEB8-8B4A-11D0-8D11-00A0C91BC942}") = "GameEngineBase", "GameEngineBase\GameEngineBase.vcxproj", "{43E95582-82FC-46C5-A7CA-7D887CD0432B}"
EndProject
Project("{8BC9CEB8-8B4A-11D0-8D11-00A0C91BC942}") = "GameEnginePlatform", "GameEnginePlatform\GameEnginePlatform.vcxproj", "{A4198B71-D72C-4C1A-9FA2-6A2A1290C0E7}"
	ProjectSection(ProjectDependencies) = postProject
		{43E95582-82FC-46C5-A7CA-7D887CD0432B} = {43E95582-82FC-46C5-A7CA-7D887CD0432B}
	EndProjectSection
EndProject
Project("{8BC9CEB8-8B4A-11D0-8D11-00A0C91BC942}") = "GameEngineCore", "GameEngineCore\GameEngineCore.vcxproj", "{B1E3C61A-C8FC-4963-9F8C-24D509EE580C}"
	ProjectSection(ProjectDependencies) = postProject
		{43E95582-82FC-46C5-A7CA-7D887CD0432B} = {43E95582-82FC-46C5-A7CA-7D887CD0432B}
		{A4198B71-D72C-4C1A-9FA2-6A2A1290C0E7} = {A4198B71-D72C-4C1A-9FA2-6A2A1290C0E7}
	EndProjectSection
EndProject
Project("{8BC9CEB8-8B4A-11D0-8D11-00A0C91BC942}") = "GameEngineCoreShader", "GameEngineCoreShader\GameEngineCoreShader.vcxproj", "{02B63468-E569-4E56-AAA3-D398473BAF95}"
EndProject
Project("{8BC9CEB8-8B4A-11D0-8D11-00A0C91BC942}") = "MegamanX5", "MegamanX5\MegamanX5.vcxproj", "{0000DCE8-38B9-4F0E-9343-15CB612AB245}"
	ProjectSection(ProjectDependencies) = postProject
		{43E95582-82FC-46C5-A7CA-7D887CD0432B} = {43E95582-82FC-46C5-A7CA-7D887CD0432B}
		{66C01B07-1615-462B-B0A3-36E61476F892} = {66C01B07-1615-462B-B0A3-36E61476F892}
		{A4198B71-D72C-4C1A-9FA2-6A2A1290C0E7} = {A4198B71-D72C-4C1A-9FA2-6A2A1290C0E7}
		{B1E3C61A-C8FC-4963-9F8C-24D509EE580C} = {B1E3C61A-C8FC-4963-9F8C-24D509EE580C}
	EndProjectSection
EndProject
Project("{8BC9CEB8-8B4A-11D0-8D11-00A0C91BC942}") = "GameEngineContents", "GameEngineContents\GameEngineContents.vcxproj", "{66C01B07-1615-462B-B0A3-36E61476F892}"
EndProject
Global
	GlobalSection(SolutionConfigurationPlatforms) = preSolution
		Debug|x64 = Debug|x64
		Debug|x86 = Debug|x86
		Release|x64 = Release|x64
		Release|x86 = Release|x86
	EndGlobalSection
	GlobalSection(ProjectConfigurationPlatforms) = postSolution
		{43E95582-82FC-46C5-A7CA-7D887CD0432B}.Debug|x64.ActiveCfg = Debug|x64
		{43E95582-82FC-46C5-A7CA-7D887CD0432B}.Debug|x64.Build.0 = Debug|x64
		{43E95582-82FC-46C5-A7CA-7D887CD0432B}.Debug|x86.ActiveCfg = Debug|Win32
		{43E95582-82FC-46C5-A7CA-7D887CD0432B}.Debug|x86.Build.0 = Debug|Win32
		{43E95582-82FC-46C5-A7CA-7D887CD0432B}.Release|x64.ActiveCfg = Release|x64
		{43E95582-82FC-46C5-A7CA-7D887CD0432B}.Release|x64.Build.0 = Release|x64
		{43E95582-82FC-46C5-A7CA-7D887CD0432B}.Release|x86.ActiveCfg = Release|Win32
		{43E95582-82FC-46C5-A7CA-7D887CD0432B}.Release|x86.Build.0 = Release|Win32
		{A4198B71-D72C-4C1A-9FA2-6A2A1290C0E7}.Debug|x64.ActiveCfg = Debug|x64
		{A4198B71-D72C-4C1A-9FA2-6A2A1290C0E7}.Debug|x64.Build.0 = Debug|x64
		{A4198B71-D72C-4C1A-9FA2-6A2A1290C0E7}.Debug|x86.ActiveCfg = Debug|Win32
		{A4198B71-D72C-4C1A-9FA2-6A2A1290C0E7}.Debug|x86.Build.0 = Debug|Win32
		{A4198B71-D72C-4C1A-9FA2-6A2A1290C0E7}.Release|x64.ActiveCfg = Release|x64
		{A4198B71-D72C-4C1A-9FA2-6A2A1290C0E7}.Release|x64.Build.0 = Release|x64
		{A4198B71-D72C-4C1A-9FA2-6A2A1290C0E7}.Release|x86.ActiveCfg = Release|Win32
		{A4198B71-D72C-4C1A-9FA2-6A2A1290C0E7}.Release|x86.Build.0 = Release|Win32
		{B1E3C61A-C8FC-4963-9F8C-24D509EE580C}.Debug|x64.ActiveCfg = Debug|x64
		{B1E3C61A-C8FC-4963-9F8C-24D509EE580C}.Debug|x64.Build.0 = Debug|x64
		{B1E3C61A-C8FC-4963-9F8C-24D509EE580C}.Debug|x86.ActiveCfg = Debug|Win32
		{B1E3C61A-C8FC-4963-9F8C-24D509EE580C}.Debug|x86.Build.0 = Debug|Win32
		{B1E3C61A-C8FC-4963-9F8C-24D509EE580C}.Release|x64.ActiveCfg = Release|x64
		{B1E3C61A-C8FC-4963-9F8C-24D509EE580C}.Release|x64.Build.0 = Release|x64
		{B1E3C61A-C8FC-4963-9F8C-24D509EE580C}.Release|x86.ActiveCfg = Release|Win32
		{B1E3C61A-C8FC-4963-9F8C-24D509EE580C}.Release|x86.Build.0 = Release|Win32
		{02B63468-E569-4E56-AAA3-D398473BAF95}.Debug|x64.ActiveCfg = Debug|x64
		{02B63468-E569-4E56-AAA3-D398473BAF95}.Debug|x64.Build.0 = Debug|x64
		{02B63468-E569-4E56-AAA3-D398473BAF95}.Debug|x86.ActiveCfg = Debug|Win32
		{02B63468-E569-4E56-AAA3-D398473BAF95}.Debug|x86.Build.0 = Debug|Win32
		{02B63468-E569-4E56-AAA3-D398473BAF95}.Release|x64.ActiveCfg = Release|x64
		{02B63468-E569-4E56-AAA3-D398473BAF95}.Release|x64.Build.0 = Release|x64
		{02B63468-E569-4E56-AAA3-D398473BAF95}.Release|x86.ActiveCfg = Release|Win32
		{02B63468-E569-4E56-AAA3-D398473BAF95}.Release|x86.Build.0 = Release|Win32
		{0000DCE8-38B9-4F0E-9343-15CB612AB245}.Debug|x64.ActiveCfg = Debug|x64
		{0000DCE8-38B9-4F0E-9343-15CB612AB245}.Debug|x64.Build.0 = Debug|x64
		{0000DCE8-38B9-4F0E-9343-15CB612AB245}.Debug|x86.ActiveCfg = Debug|Win32
		{0000DCE8-38B9-4F0E-9343-15CB612AB245}.Debug|x86.Build.0 = Debug|Win32
		{0000DCE8-38B9-4F0E-9343-15CB612AB245}.Release|x64.ActiveCfg = Release|x64
		{0000DCE8-38B9-4F0E-9343-15CB612AB245}.Release|x64.Build.0 = Release|x64
		{0000DCE8-38B9-4F0E-9343-15CB612AB245}.Release|x86.ActiveCfg = Release|Win32
		{0000DCE8-38B9-4F0E-9343-15CB612AB245}.Release|x86.Build.0 = Release|Win32
		{66C01B07-1615-462B-B0A3-36E61476F892}.Debug|x64.ActiveCfg = Debug|x64
		{66C01B07-1615-462B-B0A3-36E61476F892}.Debug|x64.Build.0 = Debug|x64
		{66C01B07-1615-462B-B0A3-36E61476F892}.Debug|x86.ActiveCfg = Debug|Win32
		{66C01B07-1615-462B-B0A3-36E61476F892}.Debug|x86.Build.0 = Debug|Win32
		{66C01B07-1615-462B-B0A3-36E61476F892}.Release|x64.ActiveCfg = Release|x64
		{66C01B07-1615-462B-B0A3-36E61476F892}.Release|x64.Build.0 = Release|x64
		{66C01B07-1615-462B-B0A3-36E61476F892}.Release|x86.ActiveCfg = Release|Win32
		{66C01B07-1615-462B-B0A3-36E61476F892}.Release|x86.Build.0 = Release|Win32
	EndGlobalSection
	GlobalSection(SolutionProperties) = preSolution
		HideSolutionNode = FALSE
	EndGlobalSection
	GlobalSection(ExtensibilityGlobals) = postSolution
		SolutionGuid = {D2EBFBF8-BDB8-490E-BC7B-6B8BFF65DABE}
	EndGlobalSection
EndGlobal
