<?xml version="1.0" encoding="utf-8"?>
<Project ToolsVersion="4.0" xmlns="http://schemas.microsoft.com/developer/msbuild/2003">
  <ItemGroup>
    <Filter Include="Object">
      <UniqueIdentifier>{2ea7ea36-112f-47ff-b95f-bcc3edb25afc}</UniqueIdentifier>
    </Filter>
    <Filter Include="PreCompile">
      <UniqueIdentifier>{02009b2e-f1dd-43f3-bb03-8d8d3c3ce1de}</UniqueIdentifier>
    </Filter>
    <Filter Include="Object\Transform">
      <UniqueIdentifier>{4a460fa5-120c-4301-ad97-b89c149b2557}</UniqueIdentifier>
    </Filter>
    <Filter Include="Rendering">
      <UniqueIdentifier>{4afdb6fa-d703-41a3-ad2e-b32170da1064}</UniqueIdentifier>
    </Filter>
    <Filter Include="Resources">
      <UniqueIdentifier>{f5e8706c-fadd-4a7f-a92a-6d3a8fec1bd8}</UniqueIdentifier>
    </Filter>
    <Filter Include="Device">
      <UniqueIdentifier>{fdbd9a4c-21d8-439e-8735-61bf94778f53}</UniqueIdentifier>
    </Filter>
    <Filter Include="Resources\Texture">
      <UniqueIdentifier>{de8755e9-a409-42b5-a999-888e34ed27e9}</UniqueIdentifier>
    </Filter>
    <Filter Include="Resources\Buffer">
      <UniqueIdentifier>{ebc2bee6-3027-419a-b23a-51cfeaaa9700}</UniqueIdentifier>
    </Filter>
    <Filter Include="Vertex">
      <UniqueIdentifier>{a4fbff0d-fd33-4d7a-836c-c82b18625695}</UniqueIdentifier>
    </Filter>
    <Filter Include="Resources\Shader">
      <UniqueIdentifier>{2abf651a-261e-42bf-96f1-1a9f1ad6188e}</UniqueIdentifier>
    </Filter>
    <Filter Include="Resources\RenderingSetting">
      <UniqueIdentifier>{419342b6-201f-42eb-a979-bcc041b1d56d}</UniqueIdentifier>
    </Filter>
    <Filter Include="ThirdParty">
      <UniqueIdentifier>{f7e2bc89-13f5-44d4-b1f0-cb94ba2717ae}</UniqueIdentifier>
    </Filter>
    <Filter Include="ThirdParty\inc">
      <UniqueIdentifier>{b9c480d4-af12-4e1c-a75c-45bf66e7fc87}</UniqueIdentifier>
    </Filter>
    <Filter Include="ThirdParty\Debug">
      <UniqueIdentifier>{bc67b39f-b6be-49c2-a69a-546a140127fd}</UniqueIdentifier>
    </Filter>
    <Filter Include="ThirdParty\Release">
      <UniqueIdentifier>{43fd46e5-b089-4b24-a5a9-5ac9b963b631}</UniqueIdentifier>
    </Filter>
    <Filter Include="Collision">
      <UniqueIdentifier>{37780df7-c071-4bf7-91c5-c65e4411b008}</UniqueIdentifier>
    </Filter>
    <Filter Include="Rendering\Contents">
      <UniqueIdentifier>{a6d0688b-ca25-4242-bfb7-f6ebe2358b15}</UniqueIdentifier>
    </Filter>
  </ItemGroup>
  <ItemGroup>
    <ClInclude Include="GameEngineActor.h">
      <Filter>Object</Filter>
    </ClInclude>
    <ClInclude Include="GameEngineLevel.h">
      <Filter>Object</Filter>
    </ClInclude>
    <ClInclude Include="GameEngineComponent.h">
      <Filter>Object</Filter>
    </ClInclude>
    <ClInclude Include="GameEngineCore.h" />
    <ClInclude Include="PreCompile.h">
      <Filter>PreCompile</Filter>
    </ClInclude>
    <ClInclude Include="GameEngineObject.h">
      <Filter>Object</Filter>
    </ClInclude>
    <ClInclude Include="GameEngineTransform.h">
      <Filter>Object\Transform</Filter>
    </ClInclude>
    <ClInclude Include="GameEngineCamera.h">
      <Filter>Rendering</Filter>
    </ClInclude>
    <ClInclude Include="GameEngineRenderer.h">
      <Filter>Rendering</Filter>
    </ClInclude>
    <ClInclude Include="GameEngineCoreObject.h">
      <Filter>Object</Filter>
    </ClInclude>
    <ClInclude Include="GameEngineResources.h">
      <Filter>Resources</Filter>
    </ClInclude>
    <ClInclude Include="GameEngineDevice.h">
      <Filter>Device</Filter>
    </ClInclude>
    <ClInclude Include="GameEngineRenderTarget.h">
      <Filter>Resources\Texture</Filter>
    </ClInclude>
    <ClInclude Include="GameEngineTexture.h">
      <Filter>Resources\Texture</Filter>
    </ClInclude>
    <ClInclude Include="GameEngineVertexBuffer.h">
      <Filter>Resources\Buffer</Filter>
    </ClInclude>
    <ClInclude Include="GameEngineDirectBuffer.h">
      <Filter>Resources\Buffer</Filter>
    </ClInclude>
    <ClInclude Include="GameEngineVertex.h">
      <Filter>Vertex</Filter>
    </ClInclude>
    <ClInclude Include="GameEngineInputLayOut.h">
      <Filter>Vertex</Filter>
    </ClInclude>
    <ClInclude Include="GameEngineShader.h">
      <Filter>Resources\Shader</Filter>
    </ClInclude>
    <ClInclude Include="GameEngineVertexShader.h">
      <Filter>Resources\Shader</Filter>
    </ClInclude>
    <ClInclude Include="GameEngineIndexBuffer.h">
      <Filter>Resources\Buffer</Filter>
    </ClInclude>
    <ClInclude Include="GameEngineRasterizer.h">
      <Filter>Resources\RenderingSetting</Filter>
    </ClInclude>
    <ClInclude Include="GameEnginePixelShader.h">
      <Filter>Resources\Shader</Filter>
    </ClInclude>
    <ClInclude Include="GameEngineConstantBuffer.h">
      <Filter>Resources\Buffer</Filter>
    </ClInclude>
    <ClInclude Include="GameEngineSprite.h">
      <Filter>Resources\Texture</Filter>
    </ClInclude>
    <ClInclude Include="GameEngineSpriteRenderer.h">
      <Filter>Rendering</Filter>
    </ClInclude>
    <ClInclude Include="ThirdParty\DirectXTex\inc\DirectXTex.h">
      <Filter>ThirdParty\inc</Filter>
    </ClInclude>
    <ClInclude Include="GameEngineSampler.h">
      <Filter>Resources\Texture</Filter>
    </ClInclude>
    <ClInclude Include="GameEngineCollision.h">
      <Filter>Collision</Filter>
    </ClInclude>
    <ClInclude Include="GameEngineCollisionGroup.h">
      <Filter>Collision</Filter>
    </ClInclude>
    <ClInclude Include="GameEngineBlend.h">
      <Filter>Resources\RenderingSetting</Filter>
    </ClInclude>
    <ClInclude Include="GameEngineTileMap.h">
      <Filter>Rendering\Contents</Filter>
    </ClInclude>
  </ItemGroup>
  <ItemGroup>
    <ClCompile Include="GameEngineActor.cpp">
      <Filter>Object</Filter>
    </ClCompile>
    <ClCompile Include="GameEngineLevel.cpp">
      <Filter>Object</Filter>
    </ClCompile>
    <ClCompile Include="GameEngineComponent.cpp">
      <Filter>Object</Filter>
    </ClCompile>
    <ClCompile Include="GameEngineCore.cpp" />
    <ClCompile Include="PreCompile.cpp">
      <Filter>PreCompile</Filter>
    </ClCompile>
    <ClCompile Include="GameEngineObject.cpp">
      <Filter>Object</Filter>
    </ClCompile>
    <ClCompile Include="GameEngineTransform.cpp">
      <Filter>Object\Transform</Filter>
    </ClCompile>
    <ClCompile Include="GameEngineCamera.cpp">
      <Filter>Rendering</Filter>
    </ClCompile>
    <ClCompile Include="GameEngineRenderer.cpp">
      <Filter>Rendering</Filter>
    </ClCompile>
    <ClCompile Include="GameEngineCoreObject.cpp">
      <Filter>Object</Filter>
    </ClCompile>
    <ClCompile Include="GameEngineResources.cpp">
      <Filter>Resources</Filter>
    </ClCompile>
    <ClCompile Include="GameEngineDevice.cpp">
      <Filter>Device</Filter>
    </ClCompile>
    <ClCompile Include="GameEngineRenderTarget.cpp">
      <Filter>Resources\Texture</Filter>
    </ClCompile>
    <ClCompile Include="GameEngineTexture.cpp">
      <Filter>Resources\Texture</Filter>
    </ClCompile>
    <ClCompile Include="GameEngineVertexBuffer.cpp">
      <Filter>Resources\Buffer</Filter>
    </ClCompile>
    <ClCompile Include="GameEngineDirectBuffer.cpp">
      <Filter>Resources\Buffer</Filter>
    </ClCompile>
    <ClCompile Include="GameEngineDevice_Resources.cpp">
      <Filter>Device</Filter>
    </ClCompile>
    <ClCompile Include="GameEngineVertex.cpp">
      <Filter>Vertex</Filter>
    </ClCompile>
    <ClCompile Include="GameEngineInputLayOut.cpp">
      <Filter>Vertex</Filter>
    </ClCompile>
    <ClCompile Include="GameEngineShader.cpp">
      <Filter>Resources\Shader</Filter>
    </ClCompile>
    <ClCompile Include="GameEngineVertexShader.cpp">
      <Filter>Resources\Shader</Filter>
    </ClCompile>
    <ClCompile Include="GameEngineIndexBuffer.cpp">
      <Filter>Resources\Buffer</Filter>
    </ClCompile>
    <ClCompile Include="GameEngineRasterizer.cpp">
      <Filter>Resources\RenderingSetting</Filter>
    </ClCompile>
    <ClCompile Include="GameEnginePixelShader.cpp">
      <Filter>Resources\Shader</Filter>
    </ClCompile>
    <ClCompile Include="GameEngineConstantBuffer.cpp">
      <Filter>Resources\Buffer</Filter>
    </ClCompile>
    <ClCompile Include="GameEngineSprite.cpp">
      <Filter>Resources\Texture</Filter>
    </ClCompile>
    <ClCompile Include="GameEngineSpriteRenderer.cpp">
      <Filter>Rendering</Filter>
    </ClCompile>
    <ClCompile Include="GameEngineSampler.cpp">
      <Filter>Resources\Texture</Filter>
    </ClCompile>
    <ClCompile Include="GameEngineCollision.cpp">
      <Filter>Collision</Filter>
    </ClCompile>
    <ClCompile Include="GameEngineCollisionGroup.cpp">
      <Filter>Collision</Filter>
    </ClCompile>
    <ClCompile Include="GameEngineBlend.cpp">
      <Filter>Resources\RenderingSetting</Filter>
    </ClCompile>
    <ClCompile Include="GameEngineTileMap.cpp">
      <Filter>Rendering\Contents</Filter>
    </ClCompile>
  </ItemGroup>
  <ItemGroup>
    <None Include="ThirdParty\DirectXTex\inc\DirectXTex.inl">
      <Filter>ThirdParty\inc</Filter>
    </None>
  </ItemGroup>
  <ItemGroup>
    <Library Include="ThirdParty\DirectXTex\lib\Debug\DirectXTex.lib">
      <Filter>ThirdParty\Debug</Filter>
    </Library>
    <Library Include="ThirdParty\DirectXTex\lib\Release\DirectXTex.lib">
      <Filter>ThirdParty\Release</Filter>
    </Library>
    <Library Include="ThirdParty\DirectXTex\lib\Release\DirectXTex.pdb">
      <Filter>ThirdParty\Release</Filter>
    </Library>
    <Library Include="ThirdParty\DirectXTex\lib\Debug\DirectXTex.pdb">
      <Filter>ThirdParty\Debug</Filter>
    </Library>
  </ItemGroup>
</Project>